
Microsoft Visual Studio Solution File, Format Version 12.00
# Visual Studio 15
VisualStudioVersion = 15.0.26730.16
MinimumVisualStudioVersion = 10.0.40219.1
Project("{FAE04EC0-301F-11D3-BF4B-00C04F79EFBC}") = "EasySII.Watcher", "EasySII.Watcher\EasySII.Watcher.csproj", "{F9583F27-BC94-4F6D-AB99-D812F9A7E9A4}"
EndProject
Project("{FAE04EC0-301F-11D3-BF4B-00C04F79EFBC}") = "EasySII.Watcher.Service", "EasySII.Watcher.Service\EasySII.Watcher.Service.csproj", "{066D2893-441B-4ADA-B6D8-E1F9EB9DBAEE}"
EndProject
Project("{54435603-DBB4-11D2-8724-00A0C9A8B90C}") = "EasySII.Watcher.Installer", "EasySII.Watcher.Installer\EasySII.Watcher.Installer.vdproj", "{EA2B7F61-669C-472A-9866-55CA5CF0E56F}"
EndProject
Project("{FAE04EC0-301F-11D3-BF4B-00C04F79EFBC}") = "EasySII.Watcher.Admin", "EasySII.Watcher.Admin\EasySII.Watcher.Admin.csproj", "{79D2F20D-9352-43A3-B10B-C029BA1EBA68}"
EndProject
Global
	GlobalSection(SolutionConfigurationPlatforms) = preSolution
		Debug|Any CPU = Debug|Any CPU
		Release|Any CPU = Release|Any CPU
	EndGlobalSection
	GlobalSection(ProjectConfigurationPlatforms) = postSolution
		{F9583F27-BC94-4F6D-AB99-D812F9A7E9A4}.Debug|Any CPU.ActiveCfg = Debug|Any CPU
		{F9583F27-BC94-4F6D-AB99-D812F9A7E9A4}.Debug|Any CPU.Build.0 = Debug|Any CPU
		{F9583F27-BC94-4F6D-AB99-D812F9A7E9A4}.Release|Any CPU.ActiveCfg = Release|Any CPU
		{F9583F27-BC94-4F6D-AB99-D812F9A7E9A4}.Release|Any CPU.Build.0 = Release|Any CPU
		{066D2893-441B-4ADA-B6D8-E1F9EB9DBAEE}.Debug|Any CPU.ActiveCfg = Debug|Any CPU
		{066D2893-441B-4ADA-B6D8-E1F9EB9DBAEE}.Debug|Any CPU.Build.0 = Debug|Any CPU
		{066D2893-441B-4ADA-B6D8-E1F9EB9DBAEE}.Release|Any CPU.ActiveCfg = Release|Any CPU
		{066D2893-441B-4ADA-B6D8-E1F9EB9DBAEE}.Release|Any CPU.Build.0 = Release|Any CPU
		{EA2B7F61-669C-472A-9866-55CA5CF0E56F}.Debug|Any CPU.ActiveCfg = Debug
		{EA2B7F61-669C-472A-9866-55CA5CF0E56F}.Release|Any CPU.ActiveCfg = Release
		{79D2F20D-9352-43A3-B10B-C029BA1EBA68}.Debug|Any CPU.ActiveCfg = Debug|Any CPU
		{79D2F20D-9352-43A3-B10B-C029BA1EBA68}.Debug|Any CPU.Build.0 = Debug|Any CPU
		{79D2F20D-9352-43A3-B10B-C029BA1EBA68}.Release|Any CPU.ActiveCfg = Release|Any CPU
		{79D2F20D-9352-43A3-B10B-C029BA1EBA68}.Release|Any CPU.Build.0 = Release|Any CPU
	EndGlobalSection
	GlobalSection(SolutionProperties) = preSolution
		HideSolutionNode = FALSE
	EndGlobalSection
	GlobalSection(ExtensibilityGlobals) = postSolution
		SolutionGuid = {0FD226A0-12C2-45E3-8EF8-08CC5DCA23AB}
	EndGlobalSection
EndGlobal
